# THIS IS AN AUTOGENERATED FILE. DO NOT EDIT THIS FILE DIRECTLY.
# yarn lockfile v1


"jpeg-js@^0.4.1":
  "integrity" "sha512-WZzeDOEtTOBK4Mdsar0IqEU5sMr3vSV2RqkAIzUEV2BHnUfKGyswWFPFwK5EeDo93K3FohSHbLAjj0s1Wzd+dg=="
  "resolved" "https://registry.npmjs.org/jpeg-js/-/jpeg-js-0.4.4.tgz"
  "version" "0.4.4"

"opentype.js@^0.4.3":
  "integrity" "sha512-GthxucX/6aftfLdeU5Ho7o7zmQcC8uVtqdcelVq12X++ndxwBZG8Xb5rFEKT7nEcWDD2P1x+TNuJ70jtj1Mbpw=="
  "resolved" "https://registry.npmjs.org/opentype.js/-/opentype.js-0.4.11.tgz"
  "version" "0.4.11"

"pngjs@^3.3.1":
  "integrity" "sha512-NCrCHhWmnQklfH4MtJMRjZ2a8c80qXeMlQMv2uVp9ISJMTt562SbGd6n2oq0PaPgKm7Z6pL9E2UlLIhC+SHL3w=="
  "resolved" "https://registry.npmjs.org/pngjs/-/pngjs-3.4.0.tgz"
  "version" "3.4.0"

"pureimage@^0.3.15":
  "integrity" "sha512-QpQYEV8nxVb84en7D0nKXwG0bdmwmlsSg9QnqxpEOExvUXdbmo6Lw/UoxSXD9z+ryvWDkgWqZsIM3iPCAh4dXg=="
  "resolved" "https://registry.npmjs.org/pureimage/-/pureimage-0.3.15.tgz"
  "version" "0.3.15"
  dependencies:
    "jpeg-js" "^0.4.1"
    "opentype.js" "^0.4.3"
    "pngjs" "^3.3.1"

"reedsolomon@^1.0.0":
  "integrity" "sha512-mLOSG2Tvl7wmbHRMQotlSRD7hiMPWrFbtYxIu9xNjX5IMWyeyE0JA218Vb6AKxL+6dkV0QegtjOlzl7PtW62CA=="
  "resolved" "https://registry.npmjs.org/reedsolomon/-/reedsolomon-1.0.0.tgz"
  "version" "1.0.0"
